// !$*UTF8*$!
{
	archiveVersion = 1;
	classes = {
	};
	objectVersion = 46;
	objects = {

/* Begin PBXBuildFile section */
		0B3E35BE15FC6DF100BFD021 /* UIKit.framework in Frameworks */ = {isa = PBXBuildFile; fileRef = 0B3E35BD15FC6DF100BFD021 /* UIKit.framework */; };
		0B3E35C015FC6DF100BFD021 /* Foundation.framework in Frameworks */ = {isa = PBXBuildFile; fileRef = 0B3E35BF15FC6DF100BFD021 /* Foundation.framework */; };
		0B3E35C215FC6DF100BFD021 /* CoreGraphics.framework in Frameworks */ = {isa = PBXBuildFile; fileRef = 0B3E35C115FC6DF100BFD021 /* CoreGraphics.framework */; };
		0B3E35C815FC6DF100BFD021 /* InfoPlist.strings in Resources */ = {isa = PBXBuildFile; fileRef = 0B3E35C615FC6DF100BFD021 /* InfoPlist.strings */; };
		0B3E35CA15FC6DF100BFD021 /* main.m in Sources */ = {isa = PBXBuildFile; fileRef = 0B3E35C915FC6DF100BFD021 /* main.m */; };
		0B3E35CE15FC6DF100BFD021 /* OpenGLViewAppDelegate.m in Sources */ = {isa = PBXBuildFile; fileRef = 0B3E35CD15FC6DF100BFD021 /* OpenGLViewAppDelegate.m */; };
/* End PBXBuildFile section */

/* Begin PBXFileReference section */
		0B3E35B915FC6DF100BFD021 /* OpenGLView.app */ = {isa = PBXFileReference; explicitFileType = wrapper.application; includeInIndex = 0; path = OpenGLView.app; sourceTree = BUILT_PRODUCTS_DIR; };
		0B3E35BD15FC6DF100BFD021 /* UIKit.framework */ = {isa = PBXFileReference; lastKnownFileType = wrapper.framework; name = UIKit.framework; path = System/Library/Frameworks/UIKit.framework; sourceTree = SDKROOT; };
		0B3E35BF15FC6DF100BFD021 /* Foundation.framework */ = {isa = PBXFileReference; lastKnownFileType = wrapper.framework; name = Foundation.framework; path = System/Library/Frameworks/Foundation.framework; sourceTree = SDKROOT; };
		0B3E35C115FC6DF100BFD021 /* CoreGraphics.framework */ = {isa = PBXFileReference; lastKnownFileType = wrapper.framework; name = CoreGraphics.framework; path = System/Library/Frameworks/CoreGraphics.framework; sourceTree = SDKROOT; };
		0B3E35C515FC6DF100BFD021 /* OpenGLView-Info.plist */ = {isa = PBXFileReference; lastKnownFileType = text.plist.xml; path = "OpenGLView-Info.plist"; sourceTree = "<group>"; };
		0B3E35C715FC6DF100BFD021 /* en */ = {isa = PBXFileReference; lastKnownFileType = text.plist.strings; name = en; path = en.lproj/InfoPlist.strings; sourceTree = "<group>"; };
		0B3E35C915FC6DF100BFD021 /* main.m */ = {isa = PBXFileReference; lastKnownFileType = sourcecode.c.objc; path = main.m; sourceTree = "<group>"; };
		0B3E35CB15FC6DF100BFD021 /* OpenGLView-Prefix.pch */ = {isa = PBXFileReference; lastKnownFileType = sourcecode.c.h; path = "OpenGLView-Prefix.pch"; sourceTree = "<group>"; };
		0B3E35CC15FC6DF100BFD021 /* OpenGLViewAppDelegate.h */ = {isa = PBXFileReference; lastKnownFileType = sourcecode.c.h; path = OpenGLViewAppDelegate.h; sourceTree = "<group>"; };
		0B3E35CD15FC6DF100BFD021 /* OpenGLViewAppDelegate.m */ = {isa = PBXFileReference; lastKnownFileType = sourcecode.c.objc; path = OpenGLViewAppDelegate.m; sourceTree = "<group>"; };
/* End PBXFileReference section */

/* Begin PBXFrameworksBuildPhase section */
		0B3E35B615FC6DF100BFD021 /* Frameworks */ = {
			isa = PBXFrameworksBuildPhase;
			buildActionMask = 2147483647;
			files = (
				0B3E35BE15FC6DF100BFD021 /* UIKit.framework in Frameworks */,
				0B3E35C015FC6DF100BFD021 /* Foundation.framework in Frameworks */,
				0B3E35C215FC6DF100BFD021 /* CoreGraphics.framework in Frameworks */,
			);
			runOnlyForDeploymentPostprocessing = 0;
		};
/* End PBXFrameworksBuildPhase section */

/* Begin PBXGroup section */
		0B3E35AE15FC6DF100BFD021 = {
			isa = PBXGroup;
			children = (
				0B3E35C315FC6DF100BFD021 /* OpenGLView */,
				0B3E35BC15FC6DF100BFD021 /* Frameworks */,
				0B3E35BA15FC6DF100BFD021 /* Products */,
			);
			sourceTree = "<group>";
		};
		0B3E35BA15FC6DF100BFD021 /* Products */ = {
			isa = PBXGroup;
			children = (
				0B3E35B915FC6DF100BFD021 /* OpenGLView.app */,
			);
			name = Products;
			sourceTree = "<group>";
		};
		0B3E35BC15FC6DF100BFD021 /* Frameworks */ = {
			isa = PBXGroup;
			children = (
				0B3E35BD15FC6DF100BFD021 /* UIKit.framework */,
				0B3E35BF15FC6DF100BFD021 /* Foundation.framework */,
				0B3E35C115FC6DF100BFD021 /* CoreGraphics.framework */,
			);
			name = Frameworks;
			sourceTree = "<group>";
		};
		0B3E35C315FC6DF100BFD021 /* OpenGLView */ = {
			isa = PBXGroup;
			children = (
				0B3E35CC15FC6DF100BFD021 /* OpenGLViewAppDelegate.h */,
				0B3E35CD15FC6DF100BFD021 /* OpenGLViewAppDelegate.m */,
				0B3E35C415FC6DF100BFD021 /* Supporting Files */,
			);
			path = OpenGLView;
			sourceTree = "<group>";
		};
		0B3E35C415FC6DF100BFD021 /* Supporting Files */ = {
			isa = PBXGroup;
			children = (
				0B3E35C515FC6DF100BFD021 /* OpenGLView-Info.plist */,
				0B3E35C615FC6DF100BFD021 /* InfoPlist.strings */,
				0B3E35C915FC6DF100BFD021 /* main.m */,
				0B3E35CB15FC6DF100BFD021 /* OpenGLView-Prefix.pch */,
			);
			name = "Supporting Files";
			sourceTree = "<group>";
		};
/* End PBXGroup section */

/* Begin PBXNativeTarget section */
		0B3E35B815FC6DF100BFD021 /* OpenGLView */ = {
			isa = PBXNativeTarget;
			buildConfigurationList = 0B3E35D115FC6DF100BFD021 /* Build configuration list for PBXNativeTarget "OpenGLView" */;
			buildPhases = (
				0B3E35B515FC6DF100BFD021 /* Sources */,
				0B3E35B615FC6DF100BFD021 /* Frameworks */,
				0B3E35B715FC6DF100BFD021 /* Resources */,
			);
			buildRules = (
			);
			dependencies = (
			);
			name = OpenGLView;
			productName = OpenGLView;
			productReference = 0B3E35B915FC6DF100BFD021 /* OpenGLView.app */;
			productType = "com.apple.product-type.application";
		};
/* End PBXNativeTarget section */

/* Begin PBXProject section */
		0B3E35B015FC6DF100BFD021 /* Project object */ = {
			isa = PBXProject;
			attributes = {
				CLASSPREFIX = OpenGLView;
				LastUpgradeCheck = 0440;
				ORGANIZATIONNAME = shiromim;
			};
			buildConfigurationList = 0B3E35B315FC6DF100BFD021 /* Build configuration list for PBXProject "OpenGLView" */;
			compatibilityVersion = "Xcode 3.2";
			developmentRegion = English;
			hasScannedForEncodings = 0;
			knownRegions = (
				en,
			);
			mainGroup = 0B3E35AE15FC6DF100BFD021;
			productRefGroup = 0B3E35BA15FC6DF100BFD021 /* Products */;
			projectDirPath = "";
			projectRoot = "";
			targets = (
				0B3E35B815FC6DF100BFD021 /* OpenGLView */,
			);
		};
/* End PBXProject section */

/* Begin PBXResourcesBuildPhase section */
		0B3E35B715FC6DF100BFD021 /* Resources */ = {
			isa = PBXResourcesBuildPhase;
			buildActionMask = 2147483647;
			files = (
				0B3E35C815FC6DF100BFD021 /* InfoPlist.strings in Resources */,
			);
			runOnlyForDeploymentPostprocessing = 0;
		};
/* End PBXResourcesBuildPhase section */

/* Begin PBXSourcesBuildPhase section */
		0B3E35B515FC6DF100BFD021 /* Sources */ = {
			isa = PBXSourcesBuildPhase;
			buildActionMask = 2147483647;
			files = (
				0B3E35CA15FC6DF100BFD021 /* main.m in Sources */,
				0B3E35CE15FC6DF100BFD021 /* OpenGLViewAppDelegate.m in Sources */,
			);
			runOnlyForDeploymentPostprocessing = 0;
		};
/* End PBXSourcesBuildPhase section */

/* Begin PBXVariantGroup section */
		0B3E35C615FC6DF100BFD021 /* InfoPlist.strings */ = {
			isa = PBXVariantGroup;
			children = (
				0B3E35C715FC6DF100BFD021 /* en */,
			);
			name = InfoPlist.strings;
			sourceTree = "<group>";
		};
/* End PBXVariantGroup section */

/* Begin XCBuildConfiguration section */
		0B3E35CF15FC6DF100BFD021 /* Debug */ = {
			isa = XCBuildConfiguration;
			buildSettings = {
				ALWAYS_SEARCH_USER_PATHS = NO;
				ARCHS = "$(ARCHS_STANDARD_32_BIT)";
				CLANG_CXX_LANGUAGE_STANDARD = "gnu++0x";
				CLANG_ENABLE_OBJC_ARC = YES;
				CLANG_WARN__DUPLICATE_METHOD_MATCH = YES;
				"CODE_SIGN_IDENTITY[sdk=iphoneos*]" = "iPhone Developer";
				COPY_PHASE_STRIP = NO;
				GCC_C_LANGUAGE_STANDARD = gnu99;
				GCC_DYNAMIC_NO_PIC = NO;
				GCC_OPTIMIZATION_LEVEL = 0;
				GCC_PREPROCESSOR_DEFINITIONS = (
					"DEBUG=1",
					"$(inherited)",
				);
				GCC_SYMBOLS_PRIVATE_EXTERN = NO;
				GCC_VERSION = com.apple.compilers.llvm.clang.1_0;
				GCC_WARN_ABOUT_RETURN_TYPE = YES;
				GCC_WARN_UNINITIALIZED_AUTOS = YES;
				GCC_WARN_UNUSED_VARIABLE = YES;
				IPHONEOS_DEPLOYMENT_TARGET = 5.1;
				SDKROOT = iphoneos;
			};
			name = Debug;
		};
		0B3E35D015FC6DF100BFD021 /* Release */ = {
			isa = XCBuildConfiguration;
			buildSettings = {
				ALWAYS_SEARCH_USER_PATHS = NO;
				ARCHS = "$(ARCHS_STANDARD_32_BIT)";
				CLANG_CXX_LANGUAGE_STANDARD = "gnu++0x";
				CLANG_ENABLE_OBJC_ARC = YES;
				CLANG_WARN__DUPLICATE_METHOD_MATCH = YES;
				"CODE_SIGN_IDENTITY[sdk=iphoneos*]" = "iPhone Developer";
				COPY_PHASE_STRIP = YES;
				GCC_C_LANGUAGE_STANDARD = gnu99;
				GCC_VERSION = com.apple.compilers.llvm.clang.1_0;
				GCC_WARN_ABOUT_RETURN_TYPE = YES;
				GCC_WARN_UNINITIALIZED_AUTOS = YES;
				GCC_WARN_UNUSED_VARIABLE = YES;
				IPHONEOS_DEPLOYMENT_TARGET = 5.1;
				OTHER_CFLAGS = "-DNS_BLOCK_ASSERTIONS=1";
				SDKROOT = iphoneos;
				VALIDATE_PRODUCT = YES;
			};
			name = Release;
		};
		0B3E35D215FC6DF100BFD021 /* Debug */ = {
			isa = XCBuildConfiguration;
			buildSettings = {
				GCC_PRECOMPILE_PREFIX_HEADER = YES;
				GCC_PREFIX_HEADER = "OpenGLView/OpenGLView-Prefix.pch";
				INFOPLIST_FILE = "OpenGLView/OpenGLView-Info.plist";
				PRODUCT_NAME = "$(TARGET_NAME)";
				WRAPPER_EXTENSION = app;
			};
			name = Debug;
		};
		0B3E35D315FC6DF100BFD021 /* Release */ = {
			isa = XCBuildConfiguration;
			buildSettings = {
				GCC_PRECOMPILE_PREFIX_HEADER = YES;
				GCC_PREFIX_HEADER = "OpenGLView/OpenGLView-Prefix.pch";
				INFOPLIST_FILE = "OpenGLView/OpenGLView-Info.plist";
				PRODUCT_NAME = "$(TARGET_NAME)";
				WRAPPER_EXTENSION = app;
			};
			name = Release;
		};
/* End XCBuildConfiguration section */

/* Begin XCConfigurationList section */
		0B3E35B315FC6DF100BFD021 /* Build configuration list for PBXProject "OpenGLView" */ = {
			isa = XCConfigurationList;
			buildConfigurations = (
				0B3E35CF15FC6DF100BFD021 /* Debug */,
				0B3E35D015FC6DF100BFD021 /* Release */,
			);
			defaultConfigurationIsVisible = 0;
			defaultConfigurationName = Release;
		};
		0B3E35D115FC6DF100BFD021 /* Build configuration list for PBXNativeTarget "OpenGLView" */ = {
			isa = XCConfigurationList;
			buildConfigurations = (
				0B3E35D215FC6DF100BFD021 /* Debug */,
				0B3E35D315FC6DF100BFD021 /* Release */,
			);
			defaultConfigurationIsVisible = 0;
		};
/* End XCConfigurationList section */
	};
	rootObject = 0B3E35B015FC6DF100BFD021 /* Project object */;
}
